
Microsoft Visual Studio Solution File, Format Version 12.00
# Visual Studio 14
VisualStudioVersion = 14.0.24720.0
MinimumVisualStudioVersion = 10.0.40219.1
Project("{FAE04EC0-301F-11D3-BF4B-00C04F79EFBC}") = "WebApp", "WebApp\WebApp.csproj", "{278A799D-6CBF-423E-888D-3763711DC3E3}"
EndProject
Project("{FAE04EC0-301F-11D3-BF4B-00C04F79EFBC}") = "Auth", "Auth\Auth.csproj", "{26392829-53B6-4E49-9ECE-AA85C4ED1003}"
EndProject
Project("{FAE04EC0-301F-11D3-BF4B-00C04F79EFBC}") = "WebApi", "WebApi\WebApi.csproj", "{AAA0B039-E0D4-49DB-95EB-035F9EC1C4A8}"
EndProject
Global
	GlobalSection(SolutionConfigurationPlatforms) = preSolution
		Debug|Any CPU = Debug|Any CPU
		Release|Any CPU = Release|Any CPU
	EndGlobalSection
	GlobalSection(ProjectConfigurationPlatforms) = postSolution
		{278A799D-6CBF-423E-888D-3763711DC3E3}.Debug|Any CPU.ActiveCfg = Debug|Any CPU
		{278A799D-6CBF-423E-888D-3763711DC3E3}.Debug|Any CPU.Build.0 = Debug|Any CPU
		{278A799D-6CBF-423E-888D-3763711DC3E3}.Release|Any CPU.ActiveCfg = Release|Any CPU
		{278A799D-6CBF-423E-888D-3763711DC3E3}.Release|Any CPU.Build.0 = Release|Any CPU
		{26392829-53B6-4E49-9ECE-AA85C4ED1003}.Debug|Any CPU.ActiveCfg = Debug|Any CPU
		{26392829-53B6-4E49-9ECE-AA85C4ED1003}.Debug|Any CPU.Build.0 = Debug|Any CPU
		{26392829-53B6-4E49-9ECE-AA85C4ED1003}.Release|Any CPU.ActiveCfg = Release|Any CPU
		{26392829-53B6-4E49-9ECE-AA85C4ED1003}.Release|Any CPU.Build.0 = Release|Any CPU
		{AAA0B039-E0D4-49DB-95EB-035F9EC1C4A8}.Debug|Any CPU.ActiveCfg = Debug|Any CPU
		{AAA0B039-E0D4-49DB-95EB-035F9EC1C4A8}.Debug|Any CPU.Build.0 = Debug|Any CPU
		{AAA0B039-E0D4-49DB-95EB-035F9EC1C4A8}.Release|Any CPU.ActiveCfg = Release|Any CPU
		{AAA0B039-E0D4-49DB-95EB-035F9EC1C4A8}.Release|Any CPU.Build.0 = Release|Any CPU
	EndGlobalSection
	GlobalSection(SolutionProperties) = preSolution
		HideSolutionNode = FALSE
	EndGlobalSection
EndGlobal
